{
  "name": "fundapps",
  "version": "0.1.0",
  "lockfileVersion": 1,
  "requires": true,
  "dependencies": {
    "classnames": {
      "version": "2.2.5",
      "resolved": "https://registry.npmjs.org/classnames/-/classnames-2.2.5.tgz",
      "integrity": "sha1-+zgB1FNGdknvNgPH1hoCvRKb3m0="
    },
    "react-dropdown": {
      "version": "1.3.6",
      "resolved": "https://registry.npmjs.org/react-dropdown/-/react-dropdown-1.3.6.tgz",
      "integrity": "sha512-CZzOkaQKhy9EXMsYxclECMpaVRkw/d3PLulOK99zzP8o7/TUfYjduXQgWKb4sDsskuJY4nf3kDyK/DxNkRrt3w==",
      "requires": {
        "classnames": "2.2.5"
      }
    }
  }
}
